<?xml version="1.0" encoding="utf-8"?>
<Project ToolsVersion="4.0" xmlns="http://schemas.microsoft.com/developer/msbuild/2003">
  <ItemGroup>
    <Filter Include="源文件">
      <UniqueIdentifier>{4FC737F1-C7A5-4376-A066-2A32D752A2FF}</UniqueIdentifier>
      <Extensions>cpp;c;cc;cxx;def;odl;idl;hpj;bat;asm;asmx</Extensions>
    </Filter>
    <Filter Include="头文件">
      <UniqueIdentifier>{93995380-89BD-4b04-88EB-625FBE52EBFB}</UniqueIdentifier>
      <Extensions>h;hh;hpp;hxx;hm;inl;inc;ipp;xsd</Extensions>
    </Filter>
    <Filter Include="资源文件">
      <UniqueIdentifier>{67DA6AB6-F800-4c08-8B7A-83BB121AAD01}</UniqueIdentifier>
      <Extensions>rc;ico;cur;bmp;dlg;rc2;rct;bin;rgs;gif;jpg;jpeg;jpe;resx;tiff;tif;png;wav;mfcribbon-ms</Extensions>
    </Filter>
  </ItemGroup>
  <ItemGroup>
    <ClInclude Include="pch.h">
      <Filter>头文件</Filter>
    </ClInclude>
    <ClInclude Include="convert_sorted_array_to_binary_search_tree.h">
      <Filter>头文件</Filter>
    </ClInclude>
    <ClInclude Include="delete_columns_to_make_sorted.h">
      <Filter>头文件</Filter>
    </ClInclude>
    <ClInclude Include="delete_node_in_a_linked_list.h">
      <Filter>头文件</Filter>
    </ClInclude>
    <ClInclude Include="di_string_match.h">
      <Filter>头文件</Filter>
    </ClInclude>
    <ClInclude Include="flippingAnImage.h">
      <Filter>头文件</Filter>
    </ClInclude>
    <ClInclude Include="invert_binary_tree.h">
      <Filter>头文件</Filter>
    </ClInclude>
    <ClInclude Include="jewels_and_stones.h">
      <Filter>头文件</Filter>
    </ClInclude>
    <ClInclude Include="leftsum.h">
      <Filter>头文件</Filter>
    </ClInclude>
    <ClInclude Include="merge_two_binary_trees.h">
      <Filter>头文件</Filter>
    </ClInclude>
    <ClInclude Include="n_ary_tree_postorder_traversal.h">
      <Filter>头文件</Filter>
    </ClInclude>
    <ClInclude Include="n_ary_tree_preorder_traversal.h">
      <Filter>头文件</Filter>
    </ClInclude>
    <ClInclude Include="nim_game.h">
      <Filter>头文件</Filter>
    </ClInclude>
    <ClInclude Include="number_of_recent_calls.h">
      <Filter>头文件</Filter>
    </ClInclude>
    <ClInclude Include="reverse_integer.h">
      <Filter>头文件</Filter>
    </ClInclude>
    <ClInclude Include="reverse_string.h">
      <Filter>头文件</Filter>
    </ClInclude>
    <ClInclude Include="sort_array_by_party_ii.h">
      <Filter>头文件</Filter>
    </ClInclude>
    <ClInclude Include="squares_of_sorted_array.h">
      <Filter>头文件</Filter>
    </ClInclude>
    <ClInclude Include="subdomain_visit_count.h">
      <Filter>头文件</Filter>
    </ClInclude>
    <ClInclude Include="to_lower_case.h">
      <Filter>头文件</Filter>
    </ClInclude>
    <ClInclude Include="unique_morse_code_words.h">
      <Filter>头文件</Filter>
    </ClInclude>
    <ClInclude Include="trim_a_binary_search_tree.h">
      <Filter>头文件</Filter>
    </ClInclude>
  </ItemGroup>
  <ItemGroup>
    <ClCompile Include="pch.cpp">
      <Filter>源文件</Filter>
    </ClCompile>
    <ClCompile Include="CppPractice.cpp">
      <Filter>源文件</Filter>
    </ClCompile>
    <ClCompile Include="delete_colimns_to_make_sorted.cpp">
      <Filter>源文件</Filter>
    </ClCompile>
    <ClCompile Include="di_string_match.cpp">
      <Filter>源文件</Filter>
    </ClCompile>
    <ClCompile Include="invert_binary_tree.cpp">
      <Filter>源文件</Filter>
    </ClCompile>
    <ClCompile Include="jewels_and_stones.cpp">
      <Filter>源文件</Filter>
    </ClCompile>
    <ClCompile Include="unique_morse_code_words.cpp">
      <Filter>源文件</Filter>
    </ClCompile>
    <ClCompile Include="number_of_lines_to_write_string.cpp">
      <Filter>源文件</Filter>
    </ClCompile>
    <ClCompile Include="single_number.cpp">
      <Filter>源文件</Filter>
    </ClCompile>
    <ClCompile Include="find_common_characters.cpp">
      <Filter>源文件</Filter>
    </ClCompile>
    <ClCompile Include="island_perimeter.cpp">
      <Filter>源文件</Filter>
    </ClCompile>
    <ClCompile Include="groups_of_special_equivalent_strings.cpp">
      <Filter>源文件</Filter>
    </ClCompile>
    <ClCompile Include="lowest_common_ancestor_of_a_binary_search_tree.cpp">
      <Filter>源文件</Filter>
    </ClCompile>
    <ClCompile Include="find_the_difference.cpp">
      <Filter>源文件</Filter>
    </ClCompile>
    <ClCompile Include="design_hashmap.cpp">
      <Filter>源文件</Filter>
    </ClCompile>
    <ClCompile Include="number_of_boomerangs.cpp">
      <Filter>源文件</Filter>
    </ClCompile>
    <ClCompile Include="letter_case_permutatio.cpp">
      <Filter>源文件</Filter>
    </ClCompile>
    <ClCompile Include="flood_fill.cpp">
      <Filter>源文件</Filter>
    </ClCompile>
    <ClCompile Include="image_smoother.cpp">
      <Filter>源文件</Filter>
    </ClCompile>
    <ClCompile Include="second_minimum_node_in_a_binary_tree.cpp">
      <Filter>源文件</Filter>
    </ClCompile>
    <ClCompile Include="cousins_in_binary_tree.cpp">
      <Filter>源文件</Filter>
    </ClCompile>
    <ClCompile Include="construct_the_rectangle.cpp">
      <Filter>源文件</Filter>
    </ClCompile>
    <ClCompile Include="power_of_two.cpp">
      <Filter>源文件</Filter>
    </ClCompile>
    <ClCompile Include="longest_word_in_dictionary.cpp">
      <Filter>源文件</Filter>
    </ClCompile>
    <ClCompile Include="partition_array_into_three_parts_with_equal_sum.cpp">
      <Filter>源文件</Filter>
    </ClCompile>
    <ClCompile Include="min_cost_climbing_stairs.cpp">
      <Filter>源文件</Filter>
    </ClCompile>
    <ClCompile Include="quad_tree_intersection.cpp">
      <Filter>源文件</Filter>
    </ClCompile>
    <ClCompile Include="intersection_of_two_linked_lists.cpp">
      <Filter>源文件</Filter>
    </ClCompile>
    <ClCompile Include="find_mode_in_binary_search_tree.cpp">
      <Filter>源文件</Filter>
    </ClCompile>
    <ClCompile Include="sum-of-square-numbers.cpp">
      <Filter>源文件</Filter>
    </ClCompile>
    <ClCompile Include="intersection_of_two_arrays_ii.cpp">
      <Filter>源文件</Filter>
    </ClCompile>
    <ClCompile Include="remove_linked_list_elements.cpp">
      <Filter>源文件</Filter>
    </ClCompile>
    <ClCompile Include="valid_perfect_square.cpp">
      <Filter>源文件</Filter>
    </ClCompile>
    <ClCompile Include="subtree_of_another_tree.cpp">
      <Filter>源文件</Filter>
    </ClCompile>
    <ClCompile Include="repeated_substring_pattern.cpp">
      <Filter>源文件</Filter>
    </ClCompile>
    <ClCompile Include="house_robber.cpp">
      <Filter>源文件</Filter>
    </ClCompile>
    <ClCompile Include="pairs_of_songs_with_total_durations_divisible_by_sixty.cpp">
      <Filter>源文件</Filter>
    </ClCompile>
    <ClCompile Include="reverr_bits.cpp">
      <Filter>源文件</Filter>
    </ClCompile>
    <ClCompile Include="valid_palindrome.cpp">
      <Filter>源文件</Filter>
    </ClCompile>
    <ClCompile Include="largest_number_at_least_twice_of_others.cpp">
      <Filter>源文件</Filter>
    </ClCompile>
    <ClCompile Include="linked_list_cycle.cpp">
      <Filter>源文件</Filter>
    </ClCompile>
    <ClCompile Include="plus_one.cpp">
      <Filter>源文件</Filter>
    </ClCompile>
    <ClCompile Include="range_sum_of_bst.cpp">
      <Filter>源文件</Filter>
    </ClCompile>
  </ItemGroup>
</Project>